
Microsoft Visual Studio Solution File, Format Version 12.00
# Visual Studio Version 17
VisualStudioVersion = 17.4.33213.308
MinimumVisualStudioVersion = 10.0.40219.1
Project("{FAE04EC0-301F-11D3-BF4B-00C04F79EFBC}") = "Day1EmployeeWage", "Day1EmployeeWage\Day1EmployeeWage.csproj", "{AB82FB37-EA9C-4A98-8DC2-DEAC7F26ACB8}"
EndProject
Global
	GlobalSection(SolutionConfigurationPlatforms) = preSolution
		Debug|Any CPU = Debug|Any CPU
		Release|Any CPU = Release|Any CPU
	EndGlobalSection
	GlobalSection(ProjectConfigurationPlatforms) = postSolution
		{AB82FB37-EA9C-4A98-8DC2-DEAC7F26ACB8}.Debug|Any CPU.ActiveCfg = Debug|Any CPU
		{AB82FB37-EA9C-4A98-8DC2-DEAC7F26ACB8}.Debug|Any CPU.Build.0 = Debug|Any CPU
		{AB82FB37-EA9C-4A98-8DC2-DEAC7F26ACB8}.Release|Any CPU.ActiveCfg = Release|Any CPU
		{AB82FB37-EA9C-4A98-8DC2-DEAC7F26ACB8}.Release|Any CPU.Build.0 = Release|Any CPU
	EndGlobalSection
	GlobalSection(SolutionProperties) = preSolution
		HideSolutionNode = FALSE
	EndGlobalSection
	GlobalSection(ExtensibilityGlobals) = postSolution
		SolutionGuid = {3E55E574-DE95-4113-A169-264369009078}
	EndGlobalSection
EndGlobal
